
Microsoft Visual Studio Solution File, Format Version 12.00
# Visual Studio Version 17
VisualStudioVersion = 17.7.34003.232
MinimumVisualStudioVersion = 10.0.40219.1
Project("{FAE04EC0-301F-11D3-BF4B-00C04F79EFBC}") = "AzureCosmosApiForTable", "AzureCosmosApiForTable.csproj", "{F097BDF4-6F70-4D5D-B535-8621DA635C9D}"
EndProject
Global
	GlobalSection(SolutionConfigurationPlatforms) = preSolution
		Debug|Any CPU = Debug|Any CPU
		Release|Any CPU = Release|Any CPU
	EndGlobalSection
	GlobalSection(ProjectConfigurationPlatforms) = postSolution
		{F097BDF4-6F70-4D5D-B535-8621DA635C9D}.Debug|Any CPU.ActiveCfg = Debug|Any CPU
		{F097BDF4-6F70-4D5D-B535-8621DA635C9D}.Debug|Any CPU.Build.0 = Debug|Any CPU
		{F097BDF4-6F70-4D5D-B535-8621DA635C9D}.Release|Any CPU.ActiveCfg = Release|Any CPU
		{F097BDF4-6F70-4D5D-B535-8621DA635C9D}.Release|Any CPU.Build.0 = Release|Any CPU
	EndGlobalSection
	GlobalSection(SolutionProperties) = preSolution
		HideSolutionNode = FALSE
	EndGlobalSection
	GlobalSection(ExtensibilityGlobals) = postSolution
		SolutionGuid = {7B373B63-982E-4CC1-A81F-7918630AA980}
	EndGlobalSection
EndGlobal
